// !$*UTF8*$!
{
	archiveVersion = 1;
	classes = {
	};
	objectVersion = 50;
	objects = {

/* Begin PBXBuildFile section */
		DDEE6E88251369680080B671 /* main.swift in Sources */ = {isa = PBXBuildFile; fileRef = DDEE6E87251369680080B671 /* main.swift */; };
		DDEE6E9325136AF40080B671 /* SortAlgorithms.swift in Sources */ = {isa = PBXBuildFile; fileRef = DDEE6E8E25136AF40080B671 /* SortAlgorithms.swift */; };
		DDEE6E9425136AF40080B671 /* MatchedString.swift in Sources */ = {isa = PBXBuildFile; fileRef = DDEE6E8F25136AF40080B671 /* MatchedString.swift */; };
		DDEE6E9525136AF40080B671 /* Tool.swift in Sources */ = {isa = PBXBuildFile; fileRef = DDEE6E9025136AF40080B671 /* Tool.swift */; };
		DDEE6E9625136AF40080B671 /* LongestPalindromicSubstring.swift in Sources */ = {isa = PBXBuildFile; fileRef = DDEE6E9125136AF40080B671 /* LongestPalindromicSubstring.swift */; };
		DDEE6E9725136AF40080B671 /* BInarySearch.swift in Sources */ = {isa = PBXBuildFile; fileRef = DDEE6E9225136AF40080B671 /* BInarySearch.swift */; };
/* End PBXBuildFile section */

/* Begin PBXCopyFilesBuildPhase section */
		DDEE6E82251369680080B671 /* CopyFiles */ = {
			isa = PBXCopyFilesBuildPhase;
			buildActionMask = 2147483647;
			dstPath = /usr/share/man/man1/;
			dstSubfolderSpec = 0;
			files = (
			);
			runOnlyForDeploymentPostprocessing = 1;
		};
/* End PBXCopyFilesBuildPhase section */

/* Begin PBXFileReference section */
		DDEE6E84251369680080B671 /* Collections */ = {isa = PBXFileReference; explicitFileType = "compiled.mach-o.executable"; includeInIndex = 0; path = Collections; sourceTree = BUILT_PRODUCTS_DIR; };
		DDEE6E87251369680080B671 /* main.swift */ = {isa = PBXFileReference; lastKnownFileType = sourcecode.swift; path = main.swift; sourceTree = "<group>"; };
		DDEE6E8E25136AF40080B671 /* SortAlgorithms.swift */ = {isa = PBXFileReference; fileEncoding = 4; lastKnownFileType = sourcecode.swift; path = SortAlgorithms.swift; sourceTree = "<group>"; };
		DDEE6E8F25136AF40080B671 /* MatchedString.swift */ = {isa = PBXFileReference; fileEncoding = 4; lastKnownFileType = sourcecode.swift; path = MatchedString.swift; sourceTree = "<group>"; };
		DDEE6E9025136AF40080B671 /* Tool.swift */ = {isa = PBXFileReference; fileEncoding = 4; lastKnownFileType = sourcecode.swift; path = Tool.swift; sourceTree = "<group>"; };
		DDEE6E9125136AF40080B671 /* LongestPalindromicSubstring.swift */ = {isa = PBXFileReference; fileEncoding = 4; lastKnownFileType = sourcecode.swift; path = LongestPalindromicSubstring.swift; sourceTree = "<group>"; };
		DDEE6E9225136AF40080B671 /* BInarySearch.swift */ = {isa = PBXFileReference; fileEncoding = 4; lastKnownFileType = sourcecode.swift; path = BInarySearch.swift; sourceTree = "<group>"; };
		DDEE6E9925136B420080B671 /* GQTPointQuadTree.m */ = {isa = PBXFileReference; lastKnownFileType = sourcecode.c.objc; path = GQTPointQuadTree.m; sourceTree = "<group>"; };
		DDEE6E9A25136B420080B671 /* GQTPointQuadTreeItem.h */ = {isa = PBXFileReference; lastKnownFileType = sourcecode.c.h; path = GQTPointQuadTreeItem.h; sourceTree = "<group>"; };
		DDEE6E9B25136B420080B671 /* GQTPointQuadTreeChild.m */ = {isa = PBXFileReference; lastKnownFileType = sourcecode.c.objc; path = GQTPointQuadTreeChild.m; sourceTree = "<group>"; };
		DDEE6E9C25136B420080B671 /* GQTPoint.h */ = {isa = PBXFileReference; lastKnownFileType = sourcecode.c.h; path = GQTPoint.h; sourceTree = "<group>"; };
		DDEE6E9D25136B420080B671 /* GQTPointQuadTree.h */ = {isa = PBXFileReference; lastKnownFileType = sourcecode.c.h; path = GQTPointQuadTree.h; sourceTree = "<group>"; };
		DDEE6E9E25136B420080B671 /* GQTPointQuadTreeChild.h */ = {isa = PBXFileReference; lastKnownFileType = sourcecode.c.h; path = GQTPointQuadTreeChild.h; sourceTree = "<group>"; };
		DDEE6E9F25136B420080B671 /* GQTBounds.h */ = {isa = PBXFileReference; lastKnownFileType = sourcecode.c.h; path = GQTBounds.h; sourceTree = "<group>"; };
/* End PBXFileReference section */

/* Begin PBXFrameworksBuildPhase section */
		DDEE6E81251369680080B671 /* Frameworks */ = {
			isa = PBXFrameworksBuildPhase;
			buildActionMask = 2147483647;
			files = (
			);
			runOnlyForDeploymentPostprocessing = 0;
		};
/* End PBXFrameworksBuildPhase section */

/* Begin PBXGroup section */
		DDEE6E7B251369680080B671 = {
			isa = PBXGroup;
			children = (
				DDEE6E86251369680080B671 /* Collections */,
				DDEE6E85251369680080B671 /* Products */,
			);
			sourceTree = "<group>";
		};
		DDEE6E85251369680080B671 /* Products */ = {
			isa = PBXGroup;
			children = (
				DDEE6E84251369680080B671 /* Collections */,
			);
			name = Products;
			sourceTree = "<group>";
		};
		DDEE6E86251369680080B671 /* Collections */ = {
			isa = PBXGroup;
			children = (
				DDEE6E9825136B420080B671 /* QuadTree */,
				DDEE6E9225136AF40080B671 /* BInarySearch.swift */,
				DDEE6E9125136AF40080B671 /* LongestPalindromicSubstring.swift */,
				DDEE6E8F25136AF40080B671 /* MatchedString.swift */,
				DDEE6E8E25136AF40080B671 /* SortAlgorithms.swift */,
				DDEE6E9025136AF40080B671 /* Tool.swift */,
				DDEE6E87251369680080B671 /* main.swift */,
			);
			path = Collections;
			sourceTree = "<group>";
		};
		DDEE6E9825136B420080B671 /* QuadTree */ = {
			isa = PBXGroup;
			children = (
				DDEE6E9925136B420080B671 /* GQTPointQuadTree.m */,
				DDEE6E9A25136B420080B671 /* GQTPointQuadTreeItem.h */,
				DDEE6E9B25136B420080B671 /* GQTPointQuadTreeChild.m */,
				DDEE6E9C25136B420080B671 /* GQTPoint.h */,
				DDEE6E9D25136B420080B671 /* GQTPointQuadTree.h */,
				DDEE6E9E25136B420080B671 /* GQTPointQuadTreeChild.h */,
				DDEE6E9F25136B420080B671 /* GQTBounds.h */,
			);
			path = QuadTree;
			sourceTree = "<group>";
		};
/* End PBXGroup section */

/* Begin PBXNativeTarget section */
		DDEE6E83251369680080B671 /* Collections */ = {
			isa = PBXNativeTarget;
			buildConfigurationList = DDEE6E8B251369680080B671 /* Build configuration list for PBXNativeTarget "Collections" */;
			buildPhases = (
				DDEE6E80251369680080B671 /* Sources */,
				DDEE6E81251369680080B671 /* Frameworks */,
				DDEE6E82251369680080B671 /* CopyFiles */,
			);
			buildRules = (
			);
			dependencies = (
			);
			name = Collections;
			productName = Collections;
			productReference = DDEE6E84251369680080B671 /* Collections */;
			productType = "com.apple.product-type.tool";
		};
/* End PBXNativeTarget section */

/* Begin PBXProject section */
		DDEE6E7C251369680080B671 /* Project object */ = {
			isa = PBXProject;
			attributes = {
				LastSwiftUpdateCheck = 1160;
				LastUpgradeCheck = 1160;
				ORGANIZATIONNAME = Walden;
				TargetAttributes = {
					DDEE6E83251369680080B671 = {
						CreatedOnToolsVersion = 11.6;
					};
				};
			};
			buildConfigurationList = DDEE6E7F251369680080B671 /* Build configuration list for PBXProject "Collections" */;
			compatibilityVersion = "Xcode 9.3";
			developmentRegion = en;
			hasScannedForEncodings = 0;
			knownRegions = (
				en,
				Base,
			);
			mainGroup = DDEE6E7B251369680080B671;
			productRefGroup = DDEE6E85251369680080B671 /* Products */;
			projectDirPath = "";
			projectRoot = "";
			targets = (
				DDEE6E83251369680080B671 /* Collections */,
			);
		};
/* End PBXProject section */

/* Begin PBXSourcesBuildPhase section */
		DDEE6E80251369680080B671 /* Sources */ = {
			isa = PBXSourcesBuildPhase;
			buildActionMask = 2147483647;
			files = (
				DDEE6E9725136AF40080B671 /* BInarySearch.swift in Sources */,
				DDEE6E9425136AF40080B671 /* MatchedString.swift in Sources */,
				DDEE6E88251369680080B671 /* main.swift in Sources */,
				DDEE6E9325136AF40080B671 /* SortAlgorithms.swift in Sources */,
				DDEE6E9625136AF40080B671 /* LongestPalindromicSubstring.swift in Sources */,
				DDEE6E9525136AF40080B671 /* Tool.swift in Sources */,
			);
			runOnlyForDeploymentPostprocessing = 0;
		};
/* End PBXSourcesBuildPhase section */

/* Begin XCBuildConfiguration section */
		DDEE6E89251369680080B671 /* Debug */ = {
			isa = XCBuildConfiguration;
			buildSettings = {
				ALWAYS_SEARCH_USER_PATHS = NO;
				CLANG_ANALYZER_NONNULL = YES;
				CLANG_ANALYZER_NUMBER_OBJECT_CONVERSION = YES_AGGRESSIVE;
				CLANG_CXX_LANGUAGE_STANDARD = "gnu++14";
				CLANG_CXX_LIBRARY = "libc++";
				CLANG_ENABLE_MODULES = YES;
				CLANG_ENABLE_OBJC_ARC = YES;
				CLANG_ENABLE_OBJC_WEAK = YES;
				CLANG_WARN_BLOCK_CAPTURE_AUTORELEASING = YES;
				CLANG_WARN_BOOL_CONVERSION = YES;
				CLANG_WARN_COMMA = YES;
				CLANG_WARN_CONSTANT_CONVERSION = YES;
				CLANG_WARN_DEPRECATED_OBJC_IMPLEMENTATIONS = YES;
				CLANG_WARN_DIRECT_OBJC_ISA_USAGE = YES_ERROR;
				CLANG_WARN_DOCUMENTATION_COMMENTS = YES;
				CLANG_WARN_EMPTY_BODY = YES;
				CLANG_WARN_ENUM_CONVERSION = YES;
				CLANG_WARN_INFINITE_RECURSION = YES;
				CLANG_WARN_INT_CONVERSION = YES;
				CLANG_WARN_NON_LITERAL_NULL_CONVERSION = YES;
				CLANG_WARN_OBJC_IMPLICIT_RETAIN_SELF = YES;
				CLANG_WARN_OBJC_LITERAL_CONVERSION = YES;
				CLANG_WARN_OBJC_ROOT_CLASS = YES_ERROR;
				CLANG_WARN_RANGE_LOOP_ANALYSIS = YES;
				CLANG_WARN_STRICT_PROTOTYPES = YES;
				CLANG_WARN_SUSPICIOUS_MOVE = YES;
				CLANG_WARN_UNGUARDED_AVAILABILITY = YES_AGGRESSIVE;
				CLANG_WARN_UNREACHABLE_CODE = YES;
				CLANG_WARN__DUPLICATE_METHOD_MATCH = YES;
				COPY_PHASE_STRIP = NO;
				DEBUG_INFORMATION_FORMAT = dwarf;
				ENABLE_STRICT_OBJC_MSGSEND = YES;
				ENABLE_TESTABILITY = YES;
				GCC_C_LANGUAGE_STANDARD = gnu11;
				GCC_DYNAMIC_NO_PIC = NO;
				GCC_NO_COMMON_BLOCKS = YES;
				GCC_OPTIMIZATION_LEVEL = 0;
				GCC_PREPROCESSOR_DEFINITIONS = (
					"DEBUG=1",
					"$(inherited)",
				);
				GCC_WARN_64_TO_32_BIT_CONVERSION = YES;
				GCC_WARN_ABOUT_RETURN_TYPE = YES_ERROR;
				GCC_WARN_UNDECLARED_SELECTOR = YES;
				GCC_WARN_UNINITIALIZED_AUTOS = YES_AGGRESSIVE;
				GCC_WARN_UNUSED_FUNCTION = YES;
				GCC_WARN_UNUSED_VARIABLE = YES;
				MACOSX_DEPLOYMENT_TARGET = 10.15;
				MTL_ENABLE_DEBUG_INFO = INCLUDE_SOURCE;
				MTL_FAST_MATH = YES;
				ONLY_ACTIVE_ARCH = YES;
				SDKROOT = macosx;
				SWIFT_ACTIVE_COMPILATION_CONDITIONS = DEBUG;
				SWIFT_OPTIMIZATION_LEVEL = "-Onone";
			};
			name = Debug;
		};
		DDEE6E8A251369680080B671 /* Release */ = {
			isa = XCBuildConfiguration;
			buildSettings = {
				ALWAYS_SEARCH_USER_PATHS = NO;
				CLANG_ANALYZER_NONNULL = YES;
				CLANG_ANALYZER_NUMBER_OBJECT_CONVERSION = YES_AGGRESSIVE;
				CLANG_CXX_LANGUAGE_STANDARD = "gnu++14";
				CLANG_CXX_LIBRARY = "libc++";
				CLANG_ENABLE_MODULES = YES;
				CLANG_ENABLE_OBJC_ARC = YES;
				CLANG_ENABLE_OBJC_WEAK = YES;
				CLANG_WARN_BLOCK_CAPTURE_AUTORELEASING = YES;
				CLANG_WARN_BOOL_CONVERSION = YES;
				CLANG_WARN_COMMA = YES;
				CLANG_WARN_CONSTANT_CONVERSION = YES;
				CLANG_WARN_DEPRECATED_OBJC_IMPLEMENTATIONS = YES;
				CLANG_WARN_DIRECT_OBJC_ISA_USAGE = YES_ERROR;
				CLANG_WARN_DOCUMENTATION_COMMENTS = YES;
				CLANG_WARN_EMPTY_BODY = YES;
				CLANG_WARN_ENUM_CONVERSION = YES;
				CLANG_WARN_INFINITE_RECURSION = YES;
				CLANG_WARN_INT_CONVERSION = YES;
				CLANG_WARN_NON_LITERAL_NULL_CONVERSION = YES;
				CLANG_WARN_OBJC_IMPLICIT_RETAIN_SELF = YES;
				CLANG_WARN_OBJC_LITERAL_CONVERSION = YES;
				CLANG_WARN_OBJC_ROOT_CLASS = YES_ERROR;
				CLANG_WARN_RANGE_LOOP_ANALYSIS = YES;
				CLANG_WARN_STRICT_PROTOTYPES = YES;
				CLANG_WARN_SUSPICIOUS_MOVE = YES;
				CLANG_WARN_UNGUARDED_AVAILABILITY = YES_AGGRESSIVE;
				CLANG_WARN_UNREACHABLE_CODE = YES;
				CLANG_WARN__DUPLICATE_METHOD_MATCH = YES;
				COPY_PHASE_STRIP = NO;
				DEBUG_INFORMATION_FORMAT = "dwarf-with-dsym";
				ENABLE_NS_ASSERTIONS = NO;
				ENABLE_STRICT_OBJC_MSGSEND = YES;
				GCC_C_LANGUAGE_STANDARD = gnu11;
				GCC_NO_COMMON_BLOCKS = YES;
				GCC_WARN_64_TO_32_BIT_CONVERSION = YES;
				GCC_WARN_ABOUT_RETURN_TYPE = YES_ERROR;
				GCC_WARN_UNDECLARED_SELECTOR = YES;
				GCC_WARN_UNINITIALIZED_AUTOS = YES_AGGRESSIVE;
				GCC_WARN_UNUSED_FUNCTION = YES;
				GCC_WARN_UNUSED_VARIABLE = YES;
				MACOSX_DEPLOYMENT_TARGET = 10.15;
				MTL_ENABLE_DEBUG_INFO = NO;
				MTL_FAST_MATH = YES;
				SDKROOT = macosx;
				SWIFT_COMPILATION_MODE = wholemodule;
				SWIFT_OPTIMIZATION_LEVEL = "-O";
			};
			name = Release;
		};
		DDEE6E8C251369680080B671 /* Debug */ = {
			isa = XCBuildConfiguration;
			buildSettings = {
				CODE_SIGN_STYLE = Automatic;
				DEVELOPMENT_TEAM = UKGP8APB47;
				ENABLE_HARDENED_RUNTIME = YES;
				PRODUCT_NAME = "$(TARGET_NAME)";
				SWIFT_VERSION = 5.0;
			};
			name = Debug;
		};
		DDEE6E8D251369680080B671 /* Release */ = {
			isa = XCBuildConfiguration;
			buildSettings = {
				CODE_SIGN_STYLE = Automatic;
				DEVELOPMENT_TEAM = UKGP8APB47;
				ENABLE_HARDENED_RUNTIME = YES;
				PRODUCT_NAME = "$(TARGET_NAME)";
				SWIFT_VERSION = 5.0;
			};
			name = Release;
		};
/* End XCBuildConfiguration section */

/* Begin XCConfigurationList section */
		DDEE6E7F251369680080B671 /* Build configuration list for PBXProject "Collections" */ = {
			isa = XCConfigurationList;
			buildConfigurations = (
				DDEE6E89251369680080B671 /* Debug */,
				DDEE6E8A251369680080B671 /* Release */,
			);
			defaultConfigurationIsVisible = 0;
			defaultConfigurationName = Release;
		};
		DDEE6E8B251369680080B671 /* Build configuration list for PBXNativeTarget "Collections" */ = {
			isa = XCConfigurationList;
			buildConfigurations = (
				DDEE6E8C251369680080B671 /* Debug */,
				DDEE6E8D251369680080B671 /* Release */,
			);
			defaultConfigurationIsVisible = 0;
			defaultConfigurationName = Release;
		};
/* End XCConfigurationList section */
	};
	rootObject = DDEE6E7C251369680080B671 /* Project object */;
}
